// !$*UTF8*$!
{
	archiveVersion = 1;
	classes = {
	};
	objectVersion = 50;
	objects = {

/* Begin PBXBuildFile section */
		9A1324F72477DA8D009D3D26 /* AboutView.swift in Sources */ = {isa = PBXBuildFile; fileRef = 9A1324F62477DA8D009D3D26 /* AboutView.swift */; };
		9A7EC271246BF18900E0E58C /* AppDelegate.swift in Sources */ = {isa = PBXBuildFile; fileRef = 9A7EC270246BF18900E0E58C /* AppDelegate.swift */; };
		9A7EC273246BF18900E0E58C /* SceneDelegate.swift in Sources */ = {isa = PBXBuildFile; fileRef = 9A7EC272246BF18900E0E58C /* SceneDelegate.swift */; };
		9A7EC275246BF18900E0E58C /* ContentView.swift in Sources */ = {isa = PBXBuildFile; fileRef = 9A7EC274246BF18900E0E58C /* ContentView.swift */; };
		9A7EC277246BF18900E0E58C /* Assets.xcassets in Resources */ = {isa = PBXBuildFile; fileRef = 9A7EC276246BF18900E0E58C /* Assets.xcassets */; };
		9A7EC27A246BF18900E0E58C /* Preview Assets.xcassets in Resources */ = {isa = PBXBuildFile; fileRef = 9A7EC279246BF18900E0E58C /* Preview Assets.xcassets */; };
		9A7EC27D246BF18900E0E58C /* LaunchScreen.storyboard in Resources */ = {isa = PBXBuildFile; fileRef = 9A7EC27B246BF18900E0E58C /* LaunchScreen.storyboard */; };
/* End PBXBuildFile section */

/* Begin PBXFileReference section */
		9A1324F62477DA8D009D3D26 /* AboutView.swift */ = {isa = PBXFileReference; lastKnownFileType = sourcecode.swift; path = AboutView.swift; sourceTree = "<group>"; };
		9A7EC26D246BF18900E0E58C /* BullseyeV1.app */ = {isa = PBXFileReference; explicitFileType = wrapper.application; includeInIndex = 0; path = BullseyeV1.app; sourceTree = BUILT_PRODUCTS_DIR; };
		9A7EC270246BF18900E0E58C /* AppDelegate.swift */ = {isa = PBXFileReference; lastKnownFileType = sourcecode.swift; path = AppDelegate.swift; sourceTree = "<group>"; };
		9A7EC272246BF18900E0E58C /* SceneDelegate.swift */ = {isa = PBXFileReference; lastKnownFileType = sourcecode.swift; path = SceneDelegate.swift; sourceTree = "<group>"; };
		9A7EC274246BF18900E0E58C /* ContentView.swift */ = {isa = PBXFileReference; lastKnownFileType = sourcecode.swift; path = ContentView.swift; sourceTree = "<group>"; };
		9A7EC276246BF18900E0E58C /* Assets.xcassets */ = {isa = PBXFileReference; lastKnownFileType = folder.assetcatalog; path = Assets.xcassets; sourceTree = "<group>"; };
		9A7EC279246BF18900E0E58C /* Preview Assets.xcassets */ = {isa = PBXFileReference; lastKnownFileType = folder.assetcatalog; path = "Preview Assets.xcassets"; sourceTree = "<group>"; };
		9A7EC27C246BF18900E0E58C /* Base */ = {isa = PBXFileReference; lastKnownFileType = file.storyboard; name = Base; path = Base.lproj/LaunchScreen.storyboard; sourceTree = "<group>"; };
		9A7EC27E246BF18900E0E58C /* Info.plist */ = {isa = PBXFileReference; lastKnownFileType = text.plist.xml; path = Info.plist; sourceTree = "<group>"; };
/* End PBXFileReference section */

/* Begin PBXFrameworksBuildPhase section */
		9A7EC26A246BF18900E0E58C /* Frameworks */ = {
			isa = PBXFrameworksBuildPhase;
			buildActionMask = 2147483647;
			files = (
			);
			runOnlyForDeploymentPostprocessing = 0;
		};
/* End PBXFrameworksBuildPhase section */

/* Begin PBXGroup section */
		9A7EC264246BF18900E0E58C = {
			isa = PBXGroup;
			children = (
				9A7EC26F246BF18900E0E58C /* SwiftUIBulleyeV1 */,
				9A7EC26E246BF18900E0E58C /* Products */,
			);
			sourceTree = "<group>";
		};
		9A7EC26E246BF18900E0E58C /* Products */ = {
			isa = PBXGroup;
			children = (
				9A7EC26D246BF18900E0E58C /* BullseyeV1.app */,
			);
			name = Products;
			sourceTree = "<group>";
		};
		9A7EC26F246BF18900E0E58C /* SwiftUIBulleyeV1 */ = {
			isa = PBXGroup;
			children = (
				9A7EC270246BF18900E0E58C /* AppDelegate.swift */,
				9A7EC272246BF18900E0E58C /* SceneDelegate.swift */,
				9A7EC274246BF18900E0E58C /* ContentView.swift */,
				9A1324F62477DA8D009D3D26 /* AboutView.swift */,
				9A7EC276246BF18900E0E58C /* Assets.xcassets */,
				9A7EC27B246BF18900E0E58C /* LaunchScreen.storyboard */,
				9A7EC27E246BF18900E0E58C /* Info.plist */,
				9A7EC278246BF18900E0E58C /* Preview Content */,
			);
			path = SwiftUIBulleyeV1;
			sourceTree = "<group>";
		};
		9A7EC278246BF18900E0E58C /* Preview Content */ = {
			isa = PBXGroup;
			children = (
				9A7EC279246BF18900E0E58C /* Preview Assets.xcassets */,
			);
			path = "Preview Content";
			sourceTree = "<group>";
		};
/* End PBXGroup section */

/* Begin PBXNativeTarget section */
		9A7EC26C246BF18900E0E58C /* SwiftUIBulleyeV1 */ = {
			isa = PBXNativeTarget;
			buildConfigurationList = 9A7EC281246BF18900E0E58C /* Build configuration list for PBXNativeTarget "SwiftUIBulleyeV1" */;
			buildPhases = (
				9A7EC269246BF18900E0E58C /* Sources */,
				9A7EC26A246BF18900E0E58C /* Frameworks */,
				9A7EC26B246BF18900E0E58C /* Resources */,
			);
			buildRules = (
			);
			dependencies = (
			);
			name = SwiftUIBulleyeV1;
			productName = SwiftUIBulleyeV1;
			productReference = 9A7EC26D246BF18900E0E58C /* BullseyeV1.app */;
			productType = "com.apple.product-type.application";
		};
/* End PBXNativeTarget section */

/* Begin PBXProject section */
		9A7EC265246BF18900E0E58C /* Project object */ = {
			isa = PBXProject;
			attributes = {
				LastSwiftUpdateCheck = 1140;
				LastUpgradeCheck = 1140;
				ORGANIZATIONNAME = "Jinyoung Lee";
				TargetAttributes = {
					9A7EC26C246BF18900E0E58C = {
						CreatedOnToolsVersion = 11.4.1;
					};
				};
			};
			buildConfigurationList = 9A7EC268246BF18900E0E58C /* Build configuration list for PBXProject "SwiftUIBulleyeV1" */;
			compatibilityVersion = "Xcode 9.3";
			developmentRegion = en;
			hasScannedForEncodings = 0;
			knownRegions = (
				en,
				Base,
			);
			mainGroup = 9A7EC264246BF18900E0E58C;
			productRefGroup = 9A7EC26E246BF18900E0E58C /* Products */;
			projectDirPath = "";
			projectRoot = "";
			targets = (
				9A7EC26C246BF18900E0E58C /* SwiftUIBulleyeV1 */,
			);
		};
/* End PBXProject section */

/* Begin PBXResourcesBuildPhase section */
		9A7EC26B246BF18900E0E58C /* Resources */ = {
			isa = PBXResourcesBuildPhase;
			buildActionMask = 2147483647;
			files = (
				9A7EC27D246BF18900E0E58C /* LaunchScreen.storyboard in Resources */,
				9A7EC27A246BF18900E0E58C /* Preview Assets.xcassets in Resources */,
				9A7EC277246BF18900E0E58C /* Assets.xcassets in Resources */,
			);
			runOnlyForDeploymentPostprocessing = 0;
		};
/* End PBXResourcesBuildPhase section */

/* Begin PBXSourcesBuildPhase section */
		9A7EC269246BF18900E0E58C /* Sources */ = {
			isa = PBXSourcesBuildPhase;
			buildActionMask = 2147483647;
			files = (
				9A1324F72477DA8D009D3D26 /* AboutView.swift in Sources */,
				9A7EC271246BF18900E0E58C /* AppDelegate.swift in Sources */,
				9A7EC273246BF18900E0E58C /* SceneDelegate.swift in Sources */,
				9A7EC275246BF18900E0E58C /* ContentView.swift in Sources */,
			);
			runOnlyForDeploymentPostprocessing = 0;
		};
/* End PBXSourcesBuildPhase section */

/* Begin PBXVariantGroup section */
		9A7EC27B246BF18900E0E58C /* LaunchScreen.storyboard */ = {
			isa = PBXVariantGroup;
			children = (
				9A7EC27C246BF18900E0E58C /* Base */,
			);
			name = LaunchScreen.storyboard;
			sourceTree = "<group>";
		};
/* End PBXVariantGroup section */

/* Begin XCBuildConfiguration section */
		9A7EC27F246BF18900E0E58C /* Debug */ = {
			isa = XCBuildConfiguration;
			buildSettings = {
				ALWAYS_SEARCH_USER_PATHS = NO;
				CLANG_ANALYZER_NONNULL = YES;
				CLANG_ANALYZER_NUMBER_OBJECT_CONVERSION = YES_AGGRESSIVE;
				CLANG_CXX_LANGUAGE_STANDARD = "gnu++14";
				CLANG_CXX_LIBRARY = "libc++";
				CLANG_ENABLE_MODULES = YES;
				CLANG_ENABLE_OBJC_ARC = YES;
				CLANG_ENABLE_OBJC_WEAK = YES;
				CLANG_WARN_BLOCK_CAPTURE_AUTORELEASING = YES;
				CLANG_WARN_BOOL_CONVERSION = YES;
				CLANG_WARN_COMMA = YES;
				CLANG_WARN_CONSTANT_CONVERSION = YES;
				CLANG_WARN_DEPRECATED_OBJC_IMPLEMENTATIONS = YES;
				CLANG_WARN_DIRECT_OBJC_ISA_USAGE = YES_ERROR;
				CLANG_WARN_DOCUMENTATION_COMMENTS = YES;
				CLANG_WARN_EMPTY_BODY = YES;
				CLANG_WARN_ENUM_CONVERSION = YES;
				CLANG_WARN_INFINITE_RECURSION = YES;
				CLANG_WARN_INT_CONVERSION = YES;
				CLANG_WARN_NON_LITERAL_NULL_CONVERSION = YES;
				CLANG_WARN_OBJC_IMPLICIT_RETAIN_SELF = YES;
				CLANG_WARN_OBJC_LITERAL_CONVERSION = YES;
				CLANG_WARN_OBJC_ROOT_CLASS = YES_ERROR;
				CLANG_WARN_RANGE_LOOP_ANALYSIS = YES;
				CLANG_WARN_STRICT_PROTOTYPES = YES;
				CLANG_WARN_SUSPICIOUS_MOVE = YES;
				CLANG_WARN_UNGUARDED_AVAILABILITY = YES_AGGRESSIVE;
				CLANG_WARN_UNREACHABLE_CODE = YES;
				CLANG_WARN__DUPLICATE_METHOD_MATCH = YES;
				COPY_PHASE_STRIP = NO;
				DEBUG_INFORMATION_FORMAT = dwarf;
				ENABLE_STRICT_OBJC_MSGSEND = YES;
				ENABLE_TESTABILITY = YES;
				GCC_C_LANGUAGE_STANDARD = gnu11;
				GCC_DYNAMIC_NO_PIC = NO;
				GCC_NO_COMMON_BLOCKS = YES;
				GCC_OPTIMIZATION_LEVEL = 0;
				GCC_PREPROCESSOR_DEFINITIONS = (
					"DEBUG=1",
					"$(inherited)",
				);
				GCC_WARN_64_TO_32_BIT_CONVERSION = YES;
				GCC_WARN_ABOUT_RETURN_TYPE = YES_ERROR;
				GCC_WARN_UNDECLARED_SELECTOR = YES;
				GCC_WARN_UNINITIALIZED_AUTOS = YES_AGGRESSIVE;
				GCC_WARN_UNUSED_FUNCTION = YES;
				GCC_WARN_UNUSED_VARIABLE = YES;
				IPHONEOS_DEPLOYMENT_TARGET = 13.4;
				MTL_ENABLE_DEBUG_INFO = INCLUDE_SOURCE;
				MTL_FAST_MATH = YES;
				ONLY_ACTIVE_ARCH = YES;
				SDKROOT = iphoneos;
				SWIFT_ACTIVE_COMPILATION_CONDITIONS = DEBUG;
				SWIFT_OPTIMIZATION_LEVEL = "-Onone";
			};
			name = Debug;
		};
		9A7EC280246BF18900E0E58C /* Release */ = {
			isa = XCBuildConfiguration;
			buildSettings = {
				ALWAYS_SEARCH_USER_PATHS = NO;
				CLANG_ANALYZER_NONNULL = YES;
				CLANG_ANALYZER_NUMBER_OBJECT_CONVERSION = YES_AGGRESSIVE;
				CLANG_CXX_LANGUAGE_STANDARD = "gnu++14";
				CLANG_CXX_LIBRARY = "libc++";
				CLANG_ENABLE_MODULES = YES;
				CLANG_ENABLE_OBJC_ARC = YES;
				CLANG_ENABLE_OBJC_WEAK = YES;
				CLANG_WARN_BLOCK_CAPTURE_AUTORELEASING = YES;
				CLANG_WARN_BOOL_CONVERSION = YES;
				CLANG_WARN_COMMA = YES;
				CLANG_WARN_CONSTANT_CONVERSION = YES;
				CLANG_WARN_DEPRECATED_OBJC_IMPLEMENTATIONS = YES;
				CLANG_WARN_DIRECT_OBJC_ISA_USAGE = YES_ERROR;
				CLANG_WARN_DOCUMENTATION_COMMENTS = YES;
				CLANG_WARN_EMPTY_BODY = YES;
				CLANG_WARN_ENUM_CONVERSION = YES;
				CLANG_WARN_INFINITE_RECURSION = YES;
				CLANG_WARN_INT_CONVERSION = YES;
				CLANG_WARN_NON_LITERAL_NULL_CONVERSION = YES;
				CLANG_WARN_OBJC_IMPLICIT_RETAIN_SELF = YES;
				CLANG_WARN_OBJC_LITERAL_CONVERSION = YES;
				CLANG_WARN_OBJC_ROOT_CLASS = YES_ERROR;
				CLANG_WARN_RANGE_LOOP_ANALYSIS = YES;
				CLANG_WARN_STRICT_PROTOTYPES = YES;
				CLANG_WARN_SUSPICIOUS_MOVE = YES;
				CLANG_WARN_UNGUARDED_AVAILABILITY = YES_AGGRESSIVE;
				CLANG_WARN_UNREACHABLE_CODE = YES;
				CLANG_WARN__DUPLICATE_METHOD_MATCH = YES;
				COPY_PHASE_STRIP = NO;
				DEBUG_INFORMATION_FORMAT = "dwarf-with-dsym";
				ENABLE_NS_ASSERTIONS = NO;
				ENABLE_STRICT_OBJC_MSGSEND = YES;
				GCC_C_LANGUAGE_STANDARD = gnu11;
				GCC_NO_COMMON_BLOCKS = YES;
				GCC_WARN_64_TO_32_BIT_CONVERSION = YES;
				GCC_WARN_ABOUT_RETURN_TYPE = YES_ERROR;
				GCC_WARN_UNDECLARED_SELECTOR = YES;
				GCC_WARN_UNINITIALIZED_AUTOS = YES_AGGRESSIVE;
				GCC_WARN_UNUSED_FUNCTION = YES;
				GCC_WARN_UNUSED_VARIABLE = YES;
				IPHONEOS_DEPLOYMENT_TARGET = 13.4;
				MTL_ENABLE_DEBUG_INFO = NO;
				MTL_FAST_MATH = YES;
				SDKROOT = iphoneos;
				SWIFT_COMPILATION_MODE = wholemodule;
				SWIFT_OPTIMIZATION_LEVEL = "-O";
				VALIDATE_PRODUCT = YES;
			};
			name = Release;
		};
		9A7EC282246BF18900E0E58C /* Debug */ = {
			isa = XCBuildConfiguration;
			buildSettings = {
				ASSETCATALOG_COMPILER_APPICON_NAME = AppIcon;
				CODE_SIGN_STYLE = Automatic;
				DEVELOPMENT_ASSET_PATHS = "\"SwiftUIBulleyeV1/Preview Content\"";
				ENABLE_PREVIEWS = YES;
				INFOPLIST_FILE = SwiftUIBulleyeV1/Info.plist;
				LD_RUNPATH_SEARCH_PATHS = (
					"$(inherited)",
					"@executable_path/Frameworks",
				);
				PRODUCT_BUNDLE_IDENTIFIER = moc.naver.cookie178.SwiftUIBulleyeV1;
				PRODUCT_NAME = BullseyeV1;
				SWIFT_VERSION = 5.0;
				TARGETED_DEVICE_FAMILY = "1,2";
			};
			name = Debug;
		};
		9A7EC283246BF18900E0E58C /* Release */ = {
			isa = XCBuildConfiguration;
			buildSettings = {
				ASSETCATALOG_COMPILER_APPICON_NAME = AppIcon;
				CODE_SIGN_STYLE = Automatic;
				DEVELOPMENT_ASSET_PATHS = "\"SwiftUIBulleyeV1/Preview Content\"";
				ENABLE_PREVIEWS = YES;
				INFOPLIST_FILE = SwiftUIBulleyeV1/Info.plist;
				LD_RUNPATH_SEARCH_PATHS = (
					"$(inherited)",
					"@executable_path/Frameworks",
				);
				PRODUCT_BUNDLE_IDENTIFIER = moc.naver.cookie178.SwiftUIBulleyeV1;
				PRODUCT_NAME = BullseyeV1;
				SWIFT_VERSION = 5.0;
				TARGETED_DEVICE_FAMILY = "1,2";
			};
			name = Release;
		};
/* End XCBuildConfiguration section */

/* Begin XCConfigurationList section */
		9A7EC268246BF18900E0E58C /* Build configuration list for PBXProject "SwiftUIBulleyeV1" */ = {
			isa = XCConfigurationList;
			buildConfigurations = (
				9A7EC27F246BF18900E0E58C /* Debug */,
				9A7EC280246BF18900E0E58C /* Release */,
			);
			defaultConfigurationIsVisible = 0;
			defaultConfigurationName = Release;
		};
		9A7EC281246BF18900E0E58C /* Build configuration list for PBXNativeTarget "SwiftUIBulleyeV1" */ = {
			isa = XCConfigurationList;
			buildConfigurations = (
				9A7EC282246BF18900E0E58C /* Debug */,
				9A7EC283246BF18900E0E58C /* Release */,
			);
			defaultConfigurationIsVisible = 0;
			defaultConfigurationName = Release;
		};
/* End XCConfigurationList section */
	};
	rootObject = 9A7EC265246BF18900E0E58C /* Project object */;
}
